# This file is generated by running "yarn install" inside your project.
# Manual changes might be lost - proceed with caution!

__metadata:
  version: 8
  cacheKey: 10c0

"@adobe/css-tools@npm:^4.4.0":
  version: 4.4.2
  resolution: "@adobe/css-tools@npm:4.4.2"
  checksum: 10c0/19433666ad18536b0ed05d4b53fbb3dd6ede266996796462023ec77a90b484890ad28a3e528cdf3ab8a65cb2fcdff5d8feb04db6bc6eed6ca307c40974239c94
  languageName: node
  linkType: hard

"@jest/schemas@npm:^28.1.3":
  version: 28.1.3
  resolution: "@jest/schemas@npm:28.1.3"
  dependencies:
    "@sinclair/typebox": "npm:^0.24.1"
  checksum: 10c0/8c325918f3e1b83e687987b05c2e5143d171f372b091f891fe17835f06fadd864ddae3c7e221a704bdd7e2ea28c4b337124c02023d8affcbdd51eca2879162ac
  languageName: node
  linkType: hard

"@jest/types@npm:^27.5.1":
  version: 27.5.1
  resolution: "@jest/types@npm:27.5.1"
  dependencies:
    "@types/istanbul-lib-coverage": "npm:^2.0.0"
    "@types/istanbul-reports": "npm:^3.0.0"
    "@types/node": "npm:*"
    "@types/yargs": "npm:^16.0.0"
    chalk: "npm:^4.0.0"
  checksum: 10c0/4598b302398db0eb77168b75a6c58148ea02cc9b9f21c5d1bbe985c1c9257110a5653cf7b901c3cab87fba231e3fed83633687f1c0903b4bc6939ab2a8452504
  languageName: node
  linkType: hard

"@sinclair/typebox@npm:^0.24.1":
  version: 0.24.51
  resolution: "@sinclair/typebox@npm:0.24.51"
  checksum: 10c0/458131e83ca59ad3721f0abeef2aa5220aff2083767e1143d75c67c85d55ef7a212f48f394471ee6bdd2e860ba30f09a489cdd2a28a2824d5b0d1014bdfb2552
  languageName: node
  linkType: hard

"@storybook/expect@npm:storybook-jest":
  version: 28.1.3-5
  resolution: "@storybook/expect@npm:28.1.3-5"
  dependencies:
    "@types/jest": "npm:28.1.3"
  checksum: 10c0/ea912b18e1353cdd3bbdf93667ffebca7f843fa28a01e647429bffa6cb074afd4401d13eb2ecbfc9714e100e128ec1fe2686bded52e9e378ce44774889563558
  languageName: node
  linkType: hard

"@storybook/jest@npm:^0.2.3":
  version: 0.2.3
  resolution: "@storybook/jest@npm:0.2.3"
  dependencies:
    "@storybook/expect": "npm:storybook-jest"
    "@testing-library/jest-dom": "npm:^6.1.2"
    "@types/jest": "npm:28.1.3"
    jest-mock: "npm:^27.3.0"
  checksum: 10c0/a2c367649ae53d9385b16f49bd73d5a928a2c3b9e64c2efcc1bbfc081b3b75972293bbe0e1828b67c94f0c2ed96341e0fae0ad5e30484a0ed4715724bbbf2c76
  languageName: node
  linkType: hard

"@testing-library/jest-dom@npm:^6.1.2, @testing-library/jest-dom@npm:^6.6.3":
  version: 6.6.3
  resolution: "@testing-library/jest-dom@npm:6.6.3"
  dependencies:
    "@adobe/css-tools": "npm:^4.4.0"
    aria-query: "npm:^5.0.0"
    chalk: "npm:^3.0.0"
    css.escape: "npm:^1.5.1"
    dom-accessibility-api: "npm:^0.6.3"
    lodash: "npm:^4.17.21"
    redent: "npm:^3.0.0"
  checksum: 10c0/5566b6c0b7b0709bc244aec3aa3dc9e5f4663e8fb2b99d8cd456fc07279e59db6076cbf798f9d3099a98fca7ef4cd50e4e1f4c4dec5a60a8fad8d24a638a5bf6
  languageName: node
  linkType: hard

"@types/istanbul-lib-coverage@npm:*, @types/istanbul-lib-coverage@npm:^2.0.0":
  version: 2.0.6
  resolution: "@types/istanbul-lib-coverage@npm:2.0.6"
  checksum: 10c0/3948088654f3eeb45363f1db158354fb013b362dba2a5c2c18c559484d5eb9f6fd85b23d66c0a7c2fcfab7308d0a585b14dadaca6cc8bf89ebfdc7f8f5102fb7
  languageName: node
  linkType: hard

"@types/istanbul-lib-report@npm:*":
  version: 3.0.3
  resolution: "@types/istanbul-lib-report@npm:3.0.3"
  dependencies:
    "@types/istanbul-lib-coverage": "npm:*"
  checksum: 10c0/247e477bbc1a77248f3c6de5dadaae85ff86ac2d76c5fc6ab1776f54512a745ff2a5f791d22b942e3990ddbd40f3ef5289317c4fca5741bedfaa4f01df89051c
  languageName: node
  linkType: hard

"@types/istanbul-reports@npm:^3.0.0":
  version: 3.0.4
  resolution: "@types/istanbul-reports@npm:3.0.4"
  dependencies:
    "@types/istanbul-lib-report": "npm:*"
  checksum: 10c0/1647fd402aced5b6edac87274af14ebd6b3a85447ef9ad11853a70fd92a98d35f81a5d3ea9fcb5dbb5834e800c6e35b64475e33fcae6bfa9acc70d61497c54ee
  languageName: node
  linkType: hard

"@types/jest@npm:28.1.3":
  version: 28.1.3
  resolution: "@types/jest@npm:28.1.3"
  dependencies:
    jest-matcher-utils: "npm:^28.0.0"
    pretty-format: "npm:^28.0.0"
  checksum: 10c0/d295db8680b5c230698345d6caae621ea9fa8720309027e2306fabfd8769679b4bd7474b4f6e03788905c934eff62105bc0a3e3f1e174feee51b4551d49ac42a
  languageName: node
  linkType: hard

"@types/node@npm:*":
  version: 22.13.13
  resolution: "@types/node@npm:22.13.13"
  dependencies:
    undici-types: "npm:~6.20.0"
  checksum: 10c0/daf792ba5dcff1316abf4b33680f94b792f8d54d6ae495efc8929531e0ba1284a248d29aab117d2259f9280284d986ad5799b193b0516e2b926d713aab835f7d
  languageName: node
  linkType: hard

"@types/yargs-parser@npm:*":
  version: 21.0.3
  resolution: "@types/yargs-parser@npm:21.0.3"
  checksum: 10c0/e71c3bd9d0b73ca82e10bee2064c384ab70f61034bbfb78e74f5206283fc16a6d85267b606b5c22cb2a3338373586786fed595b2009825d6a9115afba36560a0
  languageName: node
  linkType: hard

"@types/yargs@npm:^16.0.0":
  version: 16.0.9
  resolution: "@types/yargs@npm:16.0.9"
  dependencies:
    "@types/yargs-parser": "npm:*"
  checksum: 10c0/be24bd9a56c97ddb2964c1c18f5b9fe8271a50e100dc6945989901aae58f7ce6fb8f3a591c749a518401b6301358dbd1997e83c36138a297094feae7f9ac8211
  languageName: node
  linkType: hard

"ansi-regex@npm:^5.0.1":
  version: 5.0.1
  resolution: "ansi-regex@npm:5.0.1"
  checksum: 10c0/9a64bb8627b434ba9327b60c027742e5d17ac69277960d041898596271d992d4d52ba7267a63ca10232e29f6107fc8a835f6ce8d719b88c5f8493f8254813737
  languageName: node
  linkType: hard

"ansi-styles@npm:^4.1.0":
  version: 4.3.0
  resolution: "ansi-styles@npm:4.3.0"
  dependencies:
    color-convert: "npm:^2.0.1"
  checksum: 10c0/895a23929da416f2bd3de7e9cb4eabd340949328ab85ddd6e484a637d8f6820d485f53933446f5291c3b760cbc488beb8e88573dd0f9c7daf83dccc8fe81b041
  languageName: node
  linkType: hard

"ansi-styles@npm:^5.0.0":
  version: 5.2.0
  resolution: "ansi-styles@npm:5.2.0"
  checksum: 10c0/9c4ca80eb3c2fb7b33841c210d2f20807f40865d27008d7c3f707b7f95cab7d67462a565e2388ac3285b71cb3d9bb2173de8da37c57692a362885ec34d6e27df
  languageName: node
  linkType: hard

"aria-query@npm:^5.0.0":
  version: 5.3.2
  resolution: "aria-query@npm:5.3.2"
  checksum: 10c0/003c7e3e2cff5540bf7a7893775fc614de82b0c5dde8ae823d47b7a28a9d4da1f7ed85f340bdb93d5649caa927755f0e31ecc7ab63edfdfc00c8ef07e505e03e
  languageName: node
  linkType: hard

"chalk@npm:^3.0.0":
  version: 3.0.0
  resolution: "chalk@npm:3.0.0"
  dependencies:
    ansi-styles: "npm:^4.1.0"
    supports-color: "npm:^7.1.0"
  checksum: 10c0/ee650b0a065b3d7a6fda258e75d3a86fc8e4effa55871da730a9e42ccb035bf5fd203525e5a1ef45ec2582ecc4f65b47eb11357c526b84dd29a14fb162c414d2
  languageName: node
  linkType: hard

"chalk@npm:^4.0.0":
  version: 4.1.2
  resolution: "chalk@npm:4.1.2"
  dependencies:
    ansi-styles: "npm:^4.1.0"
    supports-color: "npm:^7.1.0"
  checksum: 10c0/4a3fef5cc34975c898ffe77141450f679721df9dde00f6c304353fa9c8b571929123b26a0e4617bde5018977eb655b31970c297b91b63ee83bb82aeb04666880
  languageName: node
  linkType: hard

"color-convert@npm:^2.0.1":
  version: 2.0.1
  resolution: "color-convert@npm:2.0.1"
  dependencies:
    color-name: "npm:~1.1.4"
  checksum: 10c0/37e1150172f2e311fe1b2df62c6293a342ee7380da7b9cfdba67ea539909afbd74da27033208d01d6d5cfc65ee7868a22e18d7e7648e004425441c0f8a15a7d7
  languageName: node
  linkType: hard

"color-name@npm:~1.1.4":
  version: 1.1.4
  resolution: "color-name@npm:1.1.4"
  checksum: 10c0/a1a3f914156960902f46f7f56bc62effc6c94e84b2cae157a526b1c1f74b677a47ec602bf68a61abfa2b42d15b7c5651c6dbe72a43af720bc588dff885b10f95
  languageName: node
  linkType: hard

"css.escape@npm:^1.5.1":
  version: 1.5.1
  resolution: "css.escape@npm:1.5.1"
  checksum: 10c0/5e09035e5bf6c2c422b40c6df2eb1529657a17df37fda5d0433d722609527ab98090baf25b13970ca754079a0f3161dd3dfc0e743563ded8cfa0749d861c1525
  languageName: node
  linkType: hard

"diff-sequences@npm:^28.1.1":
  version: 28.1.1
  resolution: "diff-sequences@npm:28.1.1"
  checksum: 10c0/26f29fa3f6b8c9040c3c6f6dab85413d90a09c8e6cb17b318bbcf64f225d7dcb1fb64392f3a9919a90888b434c4f6c8a4cc4f807aad02bbabae912c5d13c31f7
  languageName: node
  linkType: hard

"dom-accessibility-api@npm:^0.6.3":
  version: 0.6.3
  resolution: "dom-accessibility-api@npm:0.6.3"
  checksum: 10c0/10bee5aa514b2a9a37c87cd81268db607a2e933a050074abc2f6fa3da9080ebed206a320cbc123567f2c3087d22292853bdfdceaffdd4334ffe2af9510b29360
  languageName: node
  linkType: hard

"has-flag@npm:^4.0.0":
  version: 4.0.0
  resolution: "has-flag@npm:4.0.0"
  checksum: 10c0/2e789c61b7888d66993e14e8331449e525ef42aac53c627cc53d1c3334e768bcb6abdc4f5f0de1478a25beec6f0bd62c7549058b7ac53e924040d4f301f02fd1
  languageName: node
  linkType: hard

"indent-string@npm:^4.0.0":
  version: 4.0.0
  resolution: "indent-string@npm:4.0.0"
  checksum: 10c0/1e1904ddb0cb3d6cce7cd09e27a90184908b7a5d5c21b92e232c93579d314f0b83c246ffb035493d0504b1e9147ba2c9b21df0030f48673fba0496ecd698161f
  languageName: node
  linkType: hard

"jest-diff@npm:^28.1.3":
  version: 28.1.3
  resolution: "jest-diff@npm:28.1.3"
  dependencies:
    chalk: "npm:^4.0.0"
    diff-sequences: "npm:^28.1.1"
    jest-get-type: "npm:^28.0.2"
    pretty-format: "npm:^28.1.3"
  checksum: 10c0/17a101ceb7e8f25c3ef64edda15cb1a259c2835395637099f3cc44f578fbd94ced7a13d11c0cbe8c5c1c3959a08544f0a913bec25a305b6dfc9847ce488e7198
  languageName: node
  linkType: hard

"jest-get-type@npm:^28.0.2":
  version: 28.0.2
  resolution: "jest-get-type@npm:28.0.2"
  checksum: 10c0/f64a40cfa10d79a56b383919033d35c8c4daee6145a1df31ec5ef2283fa7e8adbd443c6fcb4cfd0f60bbbd89f046c2323952f086b06e875cbbbc1a7d543a6e5e
  languageName: node
  linkType: hard

"jest-matcher-utils@npm:^28.0.0":
  version: 28.1.3
  resolution: "jest-matcher-utils@npm:28.1.3"
  dependencies:
    chalk: "npm:^4.0.0"
    jest-diff: "npm:^28.1.3"
    jest-get-type: "npm:^28.0.2"
    pretty-format: "npm:^28.1.3"
  checksum: 10c0/026fbe664cfdaed5a5c9facfc86ccc9bed3718a7d1fe061e355eb6158019a77f74e9b843bc99f9a467966cbebe60bde8b43439174cbf64997d4ad404f8f809d0
  languageName: node
  linkType: hard

"jest-mock@npm:^27.3.0":
  version: 27.5.1
  resolution: "jest-mock@npm:27.5.1"
  dependencies:
    "@jest/types": "npm:^27.5.1"
    "@types/node": "npm:*"
  checksum: 10c0/6ad58454b37ee3f726930b07efbf40a7c79d2d2d9c7b226708b4b550bc0904de93bcacf714105d11952a5c0bc855e5d59145c8c9dbbb4e69b46e7367abf53b52
  languageName: node
  linkType: hard

"lodash@npm:^4.17.21":
  version: 4.17.21
  resolution: "lodash@npm:4.17.21"
  checksum: 10c0/d8cbea072bb08655bb4c989da418994b073a608dffa608b09ac04b43a791b12aeae7cd7ad919aa4c925f33b48490b5cfe6c1f71d827956071dae2e7bb3a6b74c
  languageName: node
  linkType: hard

"lucide@npm:^0.526.0":
  version: 0.526.0
  resolution: "lucide@npm:0.526.0"
  checksum: 10c0/19514d4af17049b24d9d1fcfe75c053473db38453048f7d07d32604f08dddede96d4869d18e219ca1d163303433e680234e340d760c7d5a65ce8612c743dffd2
  languageName: node
  linkType: hard

"min-indent@npm:^1.0.0":
  version: 1.0.1
  resolution: "min-indent@npm:1.0.1"
  checksum: 10c0/7e207bd5c20401b292de291f02913230cb1163abca162044f7db1d951fa245b174dc00869d40dd9a9f32a885ad6a5f3e767ee104cf278f399cb4e92d3f582d5c
  languageName: node
  linkType: hard

"pretty-format@npm:^28.0.0, pretty-format@npm:^28.1.3":
  version: 28.1.3
  resolution: "pretty-format@npm:28.1.3"
  dependencies:
    "@jest/schemas": "npm:^28.1.3"
    ansi-regex: "npm:^5.0.1"
    ansi-styles: "npm:^5.0.0"
    react-is: "npm:^18.0.0"
  checksum: 10c0/596d8b459b6fdac7dcbd70d40169191e889939c17ffbcc73eebe2a9a6f82cdbb57faffe190274e0a507d9ecdf3affadf8a9b43442a625eecfbd2813b9319660f
  languageName: node
  linkType: hard

"react-is@npm:^18.0.0":
  version: 18.3.1
  resolution: "react-is@npm:18.3.1"
  checksum: 10c0/f2f1e60010c683479e74c63f96b09fb41603527cd131a9959e2aee1e5a8b0caf270b365e5ca77d4a6b18aae659b60a86150bb3979073528877029b35aecd2072
  languageName: node
  linkType: hard

"redent@npm:^3.0.0":
  version: 3.0.0
  resolution: "redent@npm:3.0.0"
  dependencies:
    indent-string: "npm:^4.0.0"
    strip-indent: "npm:^3.0.0"
  checksum: 10c0/d64a6b5c0b50eb3ddce3ab770f866658a2b9998c678f797919ceb1b586bab9259b311407280bd80b804e2a7c7539b19238ae6a2a20c843f1a7fcff21d48c2eae
  languageName: node
  linkType: hard

"strip-indent@npm:^3.0.0":
  version: 3.0.0
  resolution: "strip-indent@npm:3.0.0"
  dependencies:
    min-indent: "npm:^1.0.0"
  checksum: 10c0/ae0deaf41c8d1001c5d4fbe16cb553865c1863da4fae036683b474fa926af9fc121e155cb3fc57a68262b2ae7d5b8420aa752c97a6428c315d00efe2a3875679
  languageName: node
  linkType: hard

"supports-color@npm:^7.1.0":
  version: 7.2.0
  resolution: "supports-color@npm:7.2.0"
  dependencies:
    has-flag: "npm:^4.0.0"
  checksum: 10c0/afb4c88521b8b136b5f5f95160c98dee7243dc79d5432db7efc27efb219385bbc7d9427398e43dd6cc730a0f87d5085ce1652af7efbe391327bc0a7d0f7fc124
  languageName: node
  linkType: hard

"truenas-ui@workspace:.":
  version: 0.0.0-use.local
  resolution: "truenas-ui@workspace:."
  dependencies:
    "@storybook/jest": "npm:^0.2.3"
    "@testing-library/jest-dom": "npm:^6.6.3"
    lucide: "npm:^0.526.0"
    tslib: "npm:^2.3.0"
  peerDependencies:
    "@angular/cdk": ^19.2.7
    "@angular/common": ^19.1.0
    "@angular/core": ^19.1.0
    "@mdi/angular-material": ^7.2.96
    "@mdi/js": ^7.4.47
  languageName: unknown
  linkType: soft

"tslib@npm:^2.3.0":
  version: 2.8.1
  resolution: "tslib@npm:2.8.1"
  checksum: 10c0/9c4759110a19c53f992d9aae23aac5ced636e99887b51b9e61def52611732872ff7668757d4e4c61f19691e36f4da981cd9485e869b4a7408d689f6bf1f14e62
  languageName: node
  linkType: hard

"undici-types@npm:~6.20.0":
  version: 6.20.0
  resolution: "undici-types@npm:6.20.0"
  checksum: 10c0/68e659a98898d6a836a9a59e6adf14a5d799707f5ea629433e025ac90d239f75e408e2e5ff086afc3cace26f8b26ee52155293564593fbb4a2f666af57fc59bf
  languageName: node
  linkType: hard
