# THIS IS AN AUTOGENERATED FILE. DO NOT EDIT THIS FILE DIRECTLY.
# yarn lockfile v1


"@adobe/css-tools@^4.4.0":
  version "4.4.2"
  resolved "https://registry.npmjs.org/@adobe/css-tools/-/css-tools-4.4.2.tgz"
  integrity sha512-baYZExFpsdkBNuvGKTKWCwKH57HRZLVtycZS05WTQNVOiXVSeAki3nU35zlRbToeMW8aHlJfyS+1C4BOv27q0A==

"@angular/cdk@^19.2.7":
  version "19.2.19"
  resolved "https://registry.npmjs.org/@angular/cdk/-/cdk-19.2.19.tgz"
  integrity sha512-PCpJagurPBqciqcq4Z8+3OtKLb7rSl4w/qBJoIMua8CgnrjvA1i+SWawhdtfI1zlY8FSwhzLwXV0CmWWfFzQPg==
  dependencies:
    parse5 "^7.1.2"
    tslib "^2.3.0"

"@angular/common@^19.0.0 || ^20.0.0", "@angular/common@^19.1.0":
  version "19.2.14"
  resolved "https://registry.npmjs.org/@angular/common/-/common-19.2.14.tgz"
  integrity sha512-NcNklcuyqaTjOVGf7aru8APX9mjsnZ01gFZrn47BxHozhaR0EMRrotYQTdi8YdVjPkeYFYanVntSLfhyobq/jg==
  dependencies:
    tslib "^2.3.0"

"@angular/core@^19.0.0 || ^20.0.0", "@angular/core@^19.1.0", "@angular/core@19.2.14":
  version "19.2.14"
  resolved "https://registry.npmjs.org/@angular/core/-/core-19.2.14.tgz"
  integrity sha512-EVErpW9tGqJ/wNcAN3G/ErH8pHCJ8mM1E6bsJ8UJIpDTZkpqqYjBMtZS9YWH5n3KwUd1tAkAB2w8FK125AjDUQ==
  dependencies:
    tslib "^2.3.0"

"@jest/schemas@^28.1.3":
  version "28.1.3"
  resolved "https://registry.npmjs.org/@jest/schemas/-/schemas-28.1.3.tgz"
  integrity sha512-/l/VWsdt/aBXgjshLWOFyFt3IVdYypu5y2Wn2rOO1un6nkqIn8SLXzgIMYXFyYsRWDyF5EthmKJMIdJvk08grg==
  dependencies:
    "@sinclair/typebox" "^0.24.1"

"@jest/types@^27.5.1":
  version "27.5.1"
  resolved "https://registry.npmjs.org/@jest/types/-/types-27.5.1.tgz"
  integrity sha512-Cx46iJ9QpwQTjIdq5VJu2QTMMs3QlEjI0x1QbBP5W1+nMzyc2XmimiRR/CbX9TO0cPTeUlxWMOu8mslYsJ8DEw==
  dependencies:
    "@types/istanbul-lib-coverage" "^2.0.0"
    "@types/istanbul-reports" "^3.0.0"
    "@types/node" "*"
    "@types/yargs" "^16.0.0"
    chalk "^4.0.0"

"@mdi/angular-material@^7.2.96":
  version "7.2.96"
  resolved "https://registry.npmjs.org/@mdi/angular-material/-/angular-material-7.2.96.tgz"
  integrity sha512-eBefrpwq+nbxSmQ866ph4XkNqHct0iYfuxWJpmvKkvcOoTfjQxZemRy1uRmbSz8Du++oO3TF66rLUX9S8Fmodw==

"@mdi/js@^7.4.47":
  version "7.4.47"
  resolved "https://registry.npmjs.org/@mdi/js/-/js-7.4.47.tgz"
  integrity sha512-KPnNOtm5i2pMabqZxpUz7iQf+mfrYZyKCZ8QNz85czgEt7cuHcGorWfdzUMWYA0SD+a6Hn4FmJ+YhzzzjkTZrQ==

"@sinclair/typebox@^0.24.1":
  version "0.24.51"
  resolved "https://registry.npmjs.org/@sinclair/typebox/-/typebox-0.24.51.tgz"
  integrity sha512-1P1OROm/rdubP5aFDSZQILU0vrLCJ4fvHt6EoqHEM+2D/G5MK3bIaymUKLit8Js9gbns5UyJnkP/TZROLw4tUA==

"@storybook/expect@storybook-jest":
  version "28.1.3-5"
  resolved "https://registry.npmjs.org/@storybook/expect/-/expect-28.1.3-5.tgz"
  integrity sha512-lS1oJnY1qTAxnH87C765NdfvGhksA6hBcbUVI5CHiSbNsEtr456wtg/z+dT9XlPriq1D5t2SgfNL9dBAoIGyIA==
  dependencies:
    "@types/jest" "28.1.3"

"@storybook/jest@^0.2.3":
  version "0.2.3"
  resolved "https://registry.npmjs.org/@storybook/jest/-/jest-0.2.3.tgz"
  integrity sha512-ov5izrmbAFObzKeh9AOC5MlmFxAcf0o5i6YFGae9sDx6DGh6alXsRM+chIbucVkUwVHVlSzdfbLDEFGY/ShaYw==
  dependencies:
    "@storybook/expect" storybook-jest
    "@testing-library/jest-dom" "^6.1.2"
    "@types/jest" "28.1.3"
    jest-mock "^27.3.0"

"@testing-library/jest-dom@^6.1.2", "@testing-library/jest-dom@^6.6.3":
  version "6.6.3"
  resolved "https://registry.npmjs.org/@testing-library/jest-dom/-/jest-dom-6.6.3.tgz"
  integrity sha512-IteBhl4XqYNkM54f4ejhLRJiZNqcSCoXUOG2CPK7qbD322KjQozM4kHQOfkG2oln9b9HTYqs+Sae8vBATubxxA==
  dependencies:
    "@adobe/css-tools" "^4.4.0"
    aria-query "^5.0.0"
    chalk "^3.0.0"
    css.escape "^1.5.1"
    dom-accessibility-api "^0.6.3"
    lodash "^4.17.21"
    redent "^3.0.0"

"@types/istanbul-lib-coverage@*", "@types/istanbul-lib-coverage@^2.0.0":
  version "2.0.6"
  resolved "https://registry.npmjs.org/@types/istanbul-lib-coverage/-/istanbul-lib-coverage-2.0.6.tgz"
  integrity sha512-2QF/t/auWm0lsy8XtKVPG19v3sSOQlJe/YHZgfjb/KBBHOGSV+J2q/S671rcq9uTBrLAXmZpqJiaQbMT+zNU1w==

"@types/istanbul-lib-report@*":
  version "3.0.3"
  resolved "https://registry.npmjs.org/@types/istanbul-lib-report/-/istanbul-lib-report-3.0.3.tgz"
  integrity sha512-NQn7AHQnk/RSLOxrBbGyJM/aVQ+pjj5HCgasFxc0K/KhoATfQ/47AyUl15I2yBUpihjmas+a+VJBOqecrFH+uA==
  dependencies:
    "@types/istanbul-lib-coverage" "*"

"@types/istanbul-reports@^3.0.0":
  version "3.0.4"
  resolved "https://registry.npmjs.org/@types/istanbul-reports/-/istanbul-reports-3.0.4.tgz"
  integrity sha512-pk2B1NWalF9toCRu6gjBzR69syFjP4Od8WRAX+0mmf9lAjCRicLOWc+ZrxZHx/0XRjotgkF9t6iaMJ+aXcOdZQ==
  dependencies:
    "@types/istanbul-lib-report" "*"

"@types/jest@28.1.3":
  version "28.1.3"
  resolved "https://registry.npmjs.org/@types/jest/-/jest-28.1.3.tgz"
  integrity sha512-Tsbjk8Y2hkBaY/gJsataeb4q9Mubw9EOz7+4RjPkzD5KjTvHHs7cpws22InaoXxAVAhF5HfFbzJjo6oKWqSZLw==
  dependencies:
    jest-matcher-utils "^28.0.0"
    pretty-format "^28.0.0"

"@types/node@*":
  version "22.13.13"
  resolved "https://registry.npmjs.org/@types/node/-/node-22.13.13.tgz"
  integrity sha512-ClsL5nMwKaBRwPcCvH8E7+nU4GxHVx1axNvMZTFHMEfNI7oahimt26P5zjVCRrjiIWj6YFXfE1v3dEp94wLcGQ==
  dependencies:
    undici-types "~6.20.0"

"@types/yargs-parser@*":
  version "21.0.3"
  resolved "https://registry.npmjs.org/@types/yargs-parser/-/yargs-parser-21.0.3.tgz"
  integrity sha512-I4q9QU9MQv4oEOz4tAHJtNz1cwuLxn2F3xcc2iV5WdqLPpUnj30aUuxt1mAxYTG+oe8CZMV/+6rU4S4gRDzqtQ==

"@types/yargs@^16.0.0":
  version "16.0.9"
  resolved "https://registry.npmjs.org/@types/yargs/-/yargs-16.0.9.tgz"
  integrity sha512-tHhzvkFXZQeTECenFoRljLBYPZJ7jAVxqqtEI0qTLOmuultnFp4I9yKE17vTuhf7BkhCu7I4XuemPgikDVuYqA==
  dependencies:
    "@types/yargs-parser" "*"

ansi-regex@^5.0.1:
  version "5.0.1"
  resolved "https://registry.npmjs.org/ansi-regex/-/ansi-regex-5.0.1.tgz"
  integrity sha512-quJQXlTSUGL2LH9SUXo8VwsY4soanhgo6LNSm84E1LBcE8s3O0wpdiRzyR9z/ZZJMlMWv37qOOb9pdJlMUEKFQ==

ansi-styles@^4.1.0:
  version "4.3.0"
  resolved "https://registry.npmjs.org/ansi-styles/-/ansi-styles-4.3.0.tgz"
  integrity sha512-zbB9rCJAT1rbjiVDb2hqKFHNYLxgtk8NURxZ3IZwD3F6NtxbXZQCnnSi1Lkx+IDohdPlFp222wVALIheZJQSEg==
  dependencies:
    color-convert "^2.0.1"

ansi-styles@^5.0.0:
  version "5.2.0"
  resolved "https://registry.npmjs.org/ansi-styles/-/ansi-styles-5.2.0.tgz"
  integrity sha512-Cxwpt2SfTzTtXcfOlzGEee8O+c+MmUgGrNiBcXnuWxuFJHe6a5Hz7qwhwe5OgaSYI0IJvkLqWX1ASG+cJOkEiA==

aria-query@^5.0.0:
  version "5.3.2"
  resolved "https://registry.npmjs.org/aria-query/-/aria-query-5.3.2.tgz"
  integrity sha512-COROpnaoap1E2F000S62r6A60uHZnmlvomhfyT2DlTcrY1OrBKn2UhH7qn5wTC9zMvD0AY7csdPSNwKP+7WiQw==

chalk@^3.0.0:
  version "3.0.0"
  resolved "https://registry.npmjs.org/chalk/-/chalk-3.0.0.tgz"
  integrity sha512-4D3B6Wf41KOYRFdszmDqMCGq5VV/uMAB273JILmO+3jAlh8X4qDtdtgCR3fxtbLEMzSx22QdhnDcJvu2u1fVwg==
  dependencies:
    ansi-styles "^4.1.0"
    supports-color "^7.1.0"

chalk@^4.0.0:
  version "4.1.2"
  resolved "https://registry.npmjs.org/chalk/-/chalk-4.1.2.tgz"
  integrity sha512-oKnbhFyRIXpUuez8iBMmyEa4nbj4IOQyuhc/wy9kY7/WVPcwIO9VA668Pu8RkO7+0G76SLROeyw9CpQ061i4mA==
  dependencies:
    ansi-styles "^4.1.0"
    supports-color "^7.1.0"

color-convert@^2.0.1:
  version "2.0.1"
  resolved "https://registry.npmjs.org/color-convert/-/color-convert-2.0.1.tgz"
  integrity sha512-RRECPsj7iu/xb5oKYcsFHSppFNnsj/52OVTRKb4zP5onXwVF3zVmmToNcOfGC+CRDpfK/U584fMg38ZHCaElKQ==
  dependencies:
    color-name "~1.1.4"

color-name@~1.1.4:
  version "1.1.4"
  resolved "https://registry.npmjs.org/color-name/-/color-name-1.1.4.tgz"
  integrity sha512-dOy+3AuW3a2wNbZHIuMZpTcgjGuLU/uBL/ubcZF9OXbDo8ff4O8yVp5Bf0efS8uEoYo5q4Fx7dY9OgQGXgAsQA==

css.escape@^1.5.1:
  version "1.5.1"
  resolved "https://registry.npmjs.org/css.escape/-/css.escape-1.5.1.tgz"
  integrity sha512-YUifsXXuknHlUsmlgyY0PKzgPOr7/FjCePfHNt0jxm83wHZi44VDMQ7/fGNkjY3/jV1MC+1CmZbaHzugyeRtpg==

diff-sequences@^28.1.1:
  version "28.1.1"
  resolved "https://registry.npmjs.org/diff-sequences/-/diff-sequences-28.1.1.tgz"
  integrity sha512-FU0iFaH/E23a+a718l8Qa/19bF9p06kgE0KipMOMadwa3SjnaElKzPaUC0vnibs6/B/9ni97s61mcejk8W1fQw==

dom-accessibility-api@^0.6.3:
  version "0.6.3"
  resolved "https://registry.npmjs.org/dom-accessibility-api/-/dom-accessibility-api-0.6.3.tgz"
  integrity sha512-7ZgogeTnjuHbo+ct10G9Ffp0mif17idi0IyWNVA/wcwcm7NPOD/WEHVP3n7n3MhXqxoIYm8d6MuZohYWIZ4T3w==

entities@^6.0.0:
  version "6.0.1"
  resolved "https://registry.npmjs.org/entities/-/entities-6.0.1.tgz"
  integrity sha512-aN97NXWF6AWBTahfVOIrB/NShkzi5H7F9r1s9mD3cDj4Ko5f2qhhVoYMibXF7GlLveb/D2ioWay8lxI97Ven3g==

has-flag@^4.0.0:
  version "4.0.0"
  resolved "https://registry.npmjs.org/has-flag/-/has-flag-4.0.0.tgz"
  integrity sha512-EykJT/Q1KjTWctppgIAgfSO0tKVuZUjhgMr17kqTumMl6Afv3EISleU7qZUzoXDFTAHTDC4NOoG/ZxU3EvlMPQ==

indent-string@^4.0.0:
  version "4.0.0"
  resolved "https://registry.npmjs.org/indent-string/-/indent-string-4.0.0.tgz"
  integrity sha512-EdDDZu4A2OyIK7Lr/2zG+w5jmbuk1DVBnEwREQvBzspBJkCEbRa8GxU1lghYcaGJCnRWibjDXlq779X1/y5xwg==

jest-diff@^28.1.3:
  version "28.1.3"
  resolved "https://registry.npmjs.org/jest-diff/-/jest-diff-28.1.3.tgz"
  integrity sha512-8RqP1B/OXzjjTWkqMX67iqgwBVJRgCyKD3L9nq+6ZqJMdvjE8RgHktqZ6jNrkdMT+dJuYNI3rhQpxaz7drJHfw==
  dependencies:
    chalk "^4.0.0"
    diff-sequences "^28.1.1"
    jest-get-type "^28.0.2"
    pretty-format "^28.1.3"

jest-get-type@^28.0.2:
  version "28.0.2"
  resolved "https://registry.npmjs.org/jest-get-type/-/jest-get-type-28.0.2.tgz"
  integrity sha512-ioj2w9/DxSYHfOm5lJKCdcAmPJzQXmbM/Url3rhlghrPvT3tt+7a/+oXc9azkKmLvoiXjtV83bEWqi+vs5nlPA==

jest-matcher-utils@^28.0.0:
  version "28.1.3"
  resolved "https://registry.npmjs.org/jest-matcher-utils/-/jest-matcher-utils-28.1.3.tgz"
  integrity sha512-kQeJ7qHemKfbzKoGjHHrRKH6atgxMk8Enkk2iPQ3XwO6oE/KYD8lMYOziCkeSB9G4adPM4nR1DE8Tf5JeWH6Bw==
  dependencies:
    chalk "^4.0.0"
    jest-diff "^28.1.3"
    jest-get-type "^28.0.2"
    pretty-format "^28.1.3"

jest-mock@^27.3.0:
  version "27.5.1"
  resolved "https://registry.npmjs.org/jest-mock/-/jest-mock-27.5.1.tgz"
  integrity sha512-K4jKbY1d4ENhbrG2zuPWaQBvDly+iZ2yAW+T1fATN78hc0sInwn7wZB8XtlNnvHug5RMwV897Xm4LqmPM4e2Og==
  dependencies:
    "@jest/types" "^27.5.1"
    "@types/node" "*"

lodash@^4.17.21:
  version "4.17.21"
  resolved "https://registry.npmjs.org/lodash/-/lodash-4.17.21.tgz"
  integrity sha512-v2kDEe57lecTulaDIuNTPy3Ry4gLGJ6Z1O3vE1krgXZNrsQ+LFTGHVxVjcXPs17LhbZVGedAJv8XZ1tvj5FvSg==

lucide@^0.526.0:
  version "0.526.0"
  resolved "https://registry.npmjs.org/lucide/-/lucide-0.526.0.tgz"
  integrity sha512-qcefehq2iyryHABeJNDRPxHRtdzWYxB0XVyWnxNjpmO9FtTupLBBc0Q3PFHGyjlmZUxDWr4q1nNepBIkjHeIbA==

min-indent@^1.0.0:
  version "1.0.1"
  resolved "https://registry.npmjs.org/min-indent/-/min-indent-1.0.1.tgz"
  integrity sha512-I9jwMn07Sy/IwOj3zVkVik2JTvgpaykDZEigL6Rx6N9LbMywwUSMtxET+7lVoDLLd3O3IXwJwvuuns8UB/HeAg==

parse5@^7.1.2:
  version "7.3.0"
  resolved "https://registry.npmjs.org/parse5/-/parse5-7.3.0.tgz"
  integrity sha512-IInvU7fabl34qmi9gY8XOVxhYyMyuH2xUNpb2q8/Y+7552KlejkRvqvD19nMoUW/uQGGbqNpA6Tufu5FL5BZgw==
  dependencies:
    entities "^6.0.0"

pretty-format@^28.0.0, pretty-format@^28.1.3:
  version "28.1.3"
  resolved "https://registry.npmjs.org/pretty-format/-/pretty-format-28.1.3.tgz"
  integrity sha512-8gFb/To0OmxHR9+ZTb14Df2vNxdGCX8g1xWGUTqUw5TiZvcQf5sHKObd5UcPyLLyowNwDAMTF3XWOG1B6mxl1Q==
  dependencies:
    "@jest/schemas" "^28.1.3"
    ansi-regex "^5.0.1"
    ansi-styles "^5.0.0"
    react-is "^18.0.0"

react-is@^18.0.0:
  version "18.3.1"
  resolved "https://registry.npmjs.org/react-is/-/react-is-18.3.1.tgz"
  integrity sha512-/LLMVyas0ljjAtoYiPqYiL8VWXzUUdThrmU5+n20DZv+a+ClRoevUzw5JxU+Ieh5/c87ytoTBV9G1FiKfNJdmg==

redent@^3.0.0:
  version "3.0.0"
  resolved "https://registry.npmjs.org/redent/-/redent-3.0.0.tgz"
  integrity sha512-6tDA8g98We0zd0GvVeMT9arEOnTw9qM03L9cJXaCjrip1OO764RDBLBfrB4cwzNGDj5OA5ioymC9GkizgWJDUg==
  dependencies:
    indent-string "^4.0.0"
    strip-indent "^3.0.0"

"rxjs@^6.5.3 || ^7.4.0":
  version "7.8.2"
  resolved "https://registry.npmjs.org/rxjs/-/rxjs-7.8.2.tgz"
  integrity sha512-dhKf903U/PQZY6boNNtAGdWbG85WAbjT/1xYoZIC7FAY0yWapOBQVsVrDl58W86//e1VpMNBtRV4MaXfdMySFA==
  dependencies:
    tslib "^2.1.0"

strip-indent@^3.0.0:
  version "3.0.0"
  resolved "https://registry.npmjs.org/strip-indent/-/strip-indent-3.0.0.tgz"
  integrity sha512-laJTa3Jb+VQpaC6DseHhF7dXVqHTfJPCRDaEbid/drOhgitgYku/letMUqOXFoWV0zIIUbjpdH2t+tYj4bQMRQ==
  dependencies:
    min-indent "^1.0.0"

supports-color@^7.1.0:
  version "7.2.0"
  resolved "https://registry.npmjs.org/supports-color/-/supports-color-7.2.0.tgz"
  integrity sha512-qpCAvRl9stuOHveKsn7HncJRvv501qIacKzQlO/+Lwxc9+0q2wLyv4Dfvt80/DPn2pqOBsJdDiogXGR9+OvwRw==
  dependencies:
    has-flag "^4.0.0"

tslib@^2.1.0, tslib@^2.3.0:
  version "2.8.1"
  resolved "https://registry.npmjs.org/tslib/-/tslib-2.8.1.tgz"
  integrity sha512-oJFu94HQb+KVduSUQL7wnpmqnfmLsOA/nAh6b6EH0wCEoK0/mPeXU6c3wKDV83MkOuHPRHtSXKKU99IBazS/2w==

undici-types@~6.20.0:
  version "6.20.0"
  resolved "https://registry.npmjs.org/undici-types/-/undici-types-6.20.0.tgz"
  integrity sha512-Ny6QZ2Nju20vw1SRHe3d9jVu6gJ+4e3+MMpqu7pqE5HT6WsTSlce++GQmK5UXS8mzV8DSYHrQH+Xrf2jVcuKNg==

zone.js@~0.15.0:
  version "0.15.1"
  resolved "https://registry.npmjs.org/zone.js/-/zone.js-0.15.1.tgz"
  integrity sha512-XE96n56IQpJM7NAoXswY3XRLcWFW83xe0BiAOeMD7K5k5xecOeul3Qcpx6GqEeeHNkW5DWL5zOyTbEfB4eti8w==
